// !$*UTF8*$!
{
	archiveVersion = 1;
	classes = {
	};
	objectVersion = 46;
	objects = {

/* Begin PBXBuildFile section */
		923506911F31BC7B0078938F /* AppDelegate.swift in Sources */ = {isa = PBXBuildFile; fileRef = 923506901F31BC7B0078938F /* AppDelegate.swift */; };
		923506931F31BC7B0078938F /* ViewController.swift in Sources */ = {isa = PBXBuildFile; fileRef = 923506921F31BC7B0078938F /* ViewController.swift */; };
		923506961F31BC7B0078938F /* Main.storyboard in Resources */ = {isa = PBXBuildFile; fileRef = 923506941F31BC7B0078938F /* Main.storyboard */; };
		923506981F31BC7B0078938F /* Assets.xcassets in Resources */ = {isa = PBXBuildFile; fileRef = 923506971F31BC7B0078938F /* Assets.xcassets */; };
		9235069B1F31BC7B0078938F /* LaunchScreen.storyboard in Resources */ = {isa = PBXBuildFile; fileRef = 923506991F31BC7B0078938F /* LaunchScreen.storyboard */; };
/* End PBXBuildFile section */

/* Begin PBXFileReference section */
		9235068D1F31BC7B0078938F /* RxParentChildCommunication.app */ = {isa = PBXFileReference; explicitFileType = wrapper.application; includeInIndex = 0; path = RxParentChildCommunication.app; sourceTree = BUILT_PRODUCTS_DIR; };
		923506901F31BC7B0078938F /* AppDelegate.swift */ = {isa = PBXFileReference; lastKnownFileType = sourcecode.swift; path = AppDelegate.swift; sourceTree = "<group>"; };
		923506921F31BC7B0078938F /* ViewController.swift */ = {isa = PBXFileReference; lastKnownFileType = sourcecode.swift; path = ViewController.swift; sourceTree = "<group>"; };
		923506951F31BC7B0078938F /* Base */ = {isa = PBXFileReference; lastKnownFileType = file.storyboard; name = Base; path = Base.lproj/Main.storyboard; sourceTree = "<group>"; };
		923506971F31BC7B0078938F /* Assets.xcassets */ = {isa = PBXFileReference; lastKnownFileType = folder.assetcatalog; path = Assets.xcassets; sourceTree = "<group>"; };
		9235069A1F31BC7B0078938F /* Base */ = {isa = PBXFileReference; lastKnownFileType = file.storyboard; name = Base; path = Base.lproj/LaunchScreen.storyboard; sourceTree = "<group>"; };
		9235069C1F31BC7B0078938F /* Info.plist */ = {isa = PBXFileReference; lastKnownFileType = text.plist.xml; path = Info.plist; sourceTree = "<group>"; };
/* End PBXFileReference section */

/* Begin PBXFrameworksBuildPhase section */
		9235068A1F31BC7B0078938F /* Frameworks */ = {
			isa = PBXFrameworksBuildPhase;
			buildActionMask = 2147483647;
			files = (
			);
			runOnlyForDeploymentPostprocessing = 0;
		};
/* End PBXFrameworksBuildPhase section */

/* Begin PBXGroup section */
		923506841F31BC7B0078938F = {
			isa = PBXGroup;
			children = (
				9235068F1F31BC7B0078938F /* RxParentChildCommunication */,
				9235068E1F31BC7B0078938F /* Products */,
			);
			sourceTree = "<group>";
		};
		9235068E1F31BC7B0078938F /* Products */ = {
			isa = PBXGroup;
			children = (
				9235068D1F31BC7B0078938F /* RxParentChildCommunication.app */,
			);
			name = Products;
			sourceTree = "<group>";
		};
		9235068F1F31BC7B0078938F /* RxParentChildCommunication */ = {
			isa = PBXGroup;
			children = (
				923506901F31BC7B0078938F /* AppDelegate.swift */,
				923506921F31BC7B0078938F /* ViewController.swift */,
				923506941F31BC7B0078938F /* Main.storyboard */,
				923506971F31BC7B0078938F /* Assets.xcassets */,
				923506991F31BC7B0078938F /* LaunchScreen.storyboard */,
				9235069C1F31BC7B0078938F /* Info.plist */,
			);
			path = RxParentChildCommunication;
			sourceTree = "<group>";
		};
/* End PBXGroup section */

/* Begin PBXNativeTarget section */
		9235068C1F31BC7B0078938F /* RxParentChildCommunication */ = {
			isa = PBXNativeTarget;
			buildConfigurationList = 9235069F1F31BC7B0078938F /* Build configuration list for PBXNativeTarget "RxParentChildCommunication" */;
			buildPhases = (
				923506891F31BC7B0078938F /* Sources */,
				9235068A1F31BC7B0078938F /* Frameworks */,
				9235068B1F31BC7B0078938F /* Resources */,
			);
			buildRules = (
			);
			dependencies = (
			);
			name = RxParentChildCommunication;
			productName = RxParentChildCommunication;
			productReference = 9235068D1F31BC7B0078938F /* RxParentChildCommunication.app */;
			productType = "com.apple.product-type.application";
		};
/* End PBXNativeTarget section */

/* Begin PBXProject section */
		923506851F31BC7B0078938F /* Project object */ = {
			isa = PBXProject;
			attributes = {
				LastSwiftUpdateCheck = 0830;
				LastUpgradeCheck = 0830;
				ORGANIZATIONNAME = "Oron Ben Zvi";
				TargetAttributes = {
					9235068C1F31BC7B0078938F = {
						CreatedOnToolsVersion = 8.3.3;
						DevelopmentTeam = WZ8GG366SX;
						ProvisioningStyle = Automatic;
					};
				};
			};
			buildConfigurationList = 923506881F31BC7B0078938F /* Build configuration list for PBXProject "RxParentChildCommunication" */;
			compatibilityVersion = "Xcode 3.2";
			developmentRegion = English;
			hasScannedForEncodings = 0;
			knownRegions = (
				en,
				Base,
			);
			mainGroup = 923506841F31BC7B0078938F;
			productRefGroup = 9235068E1F31BC7B0078938F /* Products */;
			projectDirPath = "";
			projectRoot = "";
			targets = (
				9235068C1F31BC7B0078938F /* RxParentChildCommunication */,
			);
		};
/* End PBXProject section */

/* Begin PBXResourcesBuildPhase section */
		9235068B1F31BC7B0078938F /* Resources */ = {
			isa = PBXResourcesBuildPhase;
			buildActionMask = 2147483647;
			files = (
				9235069B1F31BC7B0078938F /* LaunchScreen.storyboard in Resources */,
				923506981F31BC7B0078938F /* Assets.xcassets in Resources */,
				923506961F31BC7B0078938F /* Main.storyboard in Resources */,
			);
			runOnlyForDeploymentPostprocessing = 0;
		};
/* End PBXResourcesBuildPhase section */

/* Begin PBXSourcesBuildPhase section */
		923506891F31BC7B0078938F /* Sources */ = {
			isa = PBXSourcesBuildPhase;
			buildActionMask = 2147483647;
			files = (
				923506931F31BC7B0078938F /* ViewController.swift in Sources */,
				923506911F31BC7B0078938F /* AppDelegate.swift in Sources */,
			);
			runOnlyForDeploymentPostprocessing = 0;
		};
/* End PBXSourcesBuildPhase section */

/* Begin PBXVariantGroup section */
		923506941F31BC7B0078938F /* Main.storyboard */ = {
			isa = PBXVariantGroup;
			children = (
				923506951F31BC7B0078938F /* Base */,
			);
			name = Main.storyboard;
			sourceTree = "<group>";
		};
		923506991F31BC7B0078938F /* LaunchScreen.storyboard */ = {
			isa = PBXVariantGroup;
			children = (
				9235069A1F31BC7B0078938F /* Base */,
			);
			name = LaunchScreen.storyboard;
			sourceTree = "<group>";
		};
/* End PBXVariantGroup section */

/* Begin XCBuildConfiguration section */
		9235069D1F31BC7B0078938F /* Debug */ = {
			isa = XCBuildConfiguration;
			buildSettings = {
				ALWAYS_SEARCH_USER_PATHS = NO;
				CLANG_ANALYZER_NONNULL = YES;
				CLANG_ANALYZER_NUMBER_OBJECT_CONVERSION = YES_AGGRESSIVE;
				CLANG_CXX_LANGUAGE_STANDARD = "gnu++0x";
				CLANG_CXX_LIBRARY = "libc++";
				CLANG_ENABLE_MODULES = YES;
				CLANG_ENABLE_OBJC_ARC = YES;
				CLANG_WARN_BOOL_CONVERSION = YES;
				CLANG_WARN_CONSTANT_CONVERSION = YES;
				CLANG_WARN_DIRECT_OBJC_ISA_USAGE = YES_ERROR;
				CLANG_WARN_DOCUMENTATION_COMMENTS = YES;
				CLANG_WARN_EMPTY_BODY = YES;
				CLANG_WARN_ENUM_CONVERSION = YES;
				CLANG_WARN_INFINITE_RECURSION = YES;
				CLANG_WARN_INT_CONVERSION = YES;
				CLANG_WARN_OBJC_ROOT_CLASS = YES_ERROR;
				CLANG_WARN_SUSPICIOUS_MOVE = YES;
				CLANG_WARN_UNREACHABLE_CODE = YES;
				CLANG_WARN__DUPLICATE_METHOD_MATCH = YES;
				"CODE_SIGN_IDENTITY[sdk=iphoneos*]" = "iPhone Developer";
				COPY_PHASE_STRIP = NO;
				DEBUG_INFORMATION_FORMAT = dwarf;
				ENABLE_STRICT_OBJC_MSGSEND = YES;
				ENABLE_TESTABILITY = YES;
				GCC_C_LANGUAGE_STANDARD = gnu99;
				GCC_DYNAMIC_NO_PIC = NO;
				GCC_NO_COMMON_BLOCKS = YES;
				GCC_OPTIMIZATION_LEVEL = 0;
				GCC_PREPROCESSOR_DEFINITIONS = (
					"DEBUG=1",
					"$(inherited)",
				);
				GCC_WARN_64_TO_32_BIT_CONVERSION = YES;
				GCC_WARN_ABOUT_RETURN_TYPE = YES_ERROR;
				GCC_WARN_UNDECLARED_SELECTOR = YES;
				GCC_WARN_UNINITIALIZED_AUTOS = YES_AGGRESSIVE;
				GCC_WARN_UNUSED_FUNCTION = YES;
				GCC_WARN_UNUSED_VARIABLE = YES;
				IPHONEOS_DEPLOYMENT_TARGET = 10.3;
				MTL_ENABLE_DEBUG_INFO = YES;
				ONLY_ACTIVE_ARCH = YES;
				SDKROOT = iphoneos;
				SWIFT_ACTIVE_COMPILATION_CONDITIONS = DEBUG;
				SWIFT_OPTIMIZATION_LEVEL = "-Onone";
			};
			name = Debug;
		};
		9235069E1F31BC7B0078938F /* Release */ = {
			isa = XCBuildConfiguration;
			buildSettings = {
				ALWAYS_SEARCH_USER_PATHS = NO;
				CLANG_ANALYZER_NONNULL = YES;
				CLANG_ANALYZER_NUMBER_OBJECT_CONVERSION = YES_AGGRESSIVE;
				CLANG_CXX_LANGUAGE_STANDARD = "gnu++0x";
				CLANG_CXX_LIBRARY = "libc++";
				CLANG_ENABLE_MODULES = YES;
				CLANG_ENABLE_OBJC_ARC = YES;
				CLANG_WARN_BOOL_CONVERSION = YES;
				CLANG_WARN_CONSTANT_CONVERSION = YES;
				CLANG_WARN_DIRECT_OBJC_ISA_USAGE = YES_ERROR;
				CLANG_WARN_DOCUMENTATION_COMMENTS = YES;
				CLANG_WARN_EMPTY_BODY = YES;
				CLANG_WARN_ENUM_CONVERSION = YES;
				CLANG_WARN_INFINITE_RECURSION = YES;
				CLANG_WARN_INT_CONVERSION = YES;
				CLANG_WARN_OBJC_ROOT_CLASS = YES_ERROR;
				CLANG_WARN_SUSPICIOUS_MOVE = YES;
				CLANG_WARN_UNREACHABLE_CODE = YES;
				CLANG_WARN__DUPLICATE_METHOD_MATCH = YES;
				"CODE_SIGN_IDENTITY[sdk=iphoneos*]" = "iPhone Developer";
				COPY_PHASE_STRIP = NO;
				DEBUG_INFORMATION_FORMAT = "dwarf-with-dsym";
				ENABLE_NS_ASSERTIONS = NO;
				ENABLE_STRICT_OBJC_MSGSEND = YES;
				GCC_C_LANGUAGE_STANDARD = gnu99;
				GCC_NO_COMMON_BLOCKS = YES;
				GCC_WARN_64_TO_32_BIT_CONVERSION = YES;
				GCC_WARN_ABOUT_RETURN_TYPE = YES_ERROR;
				GCC_WARN_UNDECLARED_SELECTOR = YES;
				GCC_WARN_UNINITIALIZED_AUTOS = YES_AGGRESSIVE;
				GCC_WARN_UNUSED_FUNCTION = YES;
				GCC_WARN_UNUSED_VARIABLE = YES;
				IPHONEOS_DEPLOYMENT_TARGET = 10.3;
				MTL_ENABLE_DEBUG_INFO = NO;
				SDKROOT = iphoneos;
				SWIFT_OPTIMIZATION_LEVEL = "-Owholemodule";
				VALIDATE_PRODUCT = YES;
			};
			name = Release;
		};
		923506A01F31BC7B0078938F /* Debug */ = {
			isa = XCBuildConfiguration;
			buildSettings = {
				ASSETCATALOG_COMPILER_APPICON_NAME = AppIcon;
				DEVELOPMENT_TEAM = WZ8GG366SX;
				INFOPLIST_FILE = RxParentChildCommunication/Info.plist;
				LD_RUNPATH_SEARCH_PATHS = "$(inherited) @executable_path/Frameworks";
				PRODUCT_BUNDLE_IDENTIFIER = bz.oron.RxParentChildCommunication;
				PRODUCT_NAME = "$(TARGET_NAME)";
				SWIFT_VERSION = 3.0;
			};
			name = Debug;
		};
		923506A11F31BC7B0078938F /* Release */ = {
			isa = XCBuildConfiguration;
			buildSettings = {
				ASSETCATALOG_COMPILER_APPICON_NAME = AppIcon;
				DEVELOPMENT_TEAM = WZ8GG366SX;
				INFOPLIST_FILE = RxParentChildCommunication/Info.plist;
				LD_RUNPATH_SEARCH_PATHS = "$(inherited) @executable_path/Frameworks";
				PRODUCT_BUNDLE_IDENTIFIER = bz.oron.RxParentChildCommunication;
				PRODUCT_NAME = "$(TARGET_NAME)";
				SWIFT_VERSION = 3.0;
			};
			name = Release;
		};
/* End XCBuildConfiguration section */

/* Begin XCConfigurationList section */
		923506881F31BC7B0078938F /* Build configuration list for PBXProject "RxParentChildCommunication" */ = {
			isa = XCConfigurationList;
			buildConfigurations = (
				9235069D1F31BC7B0078938F /* Debug */,
				9235069E1F31BC7B0078938F /* Release */,
			);
			defaultConfigurationIsVisible = 0;
			defaultConfigurationName = Release;
		};
		9235069F1F31BC7B0078938F /* Build configuration list for PBXNativeTarget "RxParentChildCommunication" */ = {
			isa = XCConfigurationList;
			buildConfigurations = (
				923506A01F31BC7B0078938F /* Debug */,
				923506A11F31BC7B0078938F /* Release */,
			);
			defaultConfigurationIsVisible = 0;
		};
/* End XCConfigurationList section */
	};
	rootObject = 923506851F31BC7B0078938F /* Project object */;
}
